# This file is @generated by PDM.
# It is not intended for manual editing.

[metadata]
groups = ["default", "dev"]
strategy = ["inherit_metadata"]
lock_version = "4.5.0"
content_hash = "sha256:1a5607a114cde4b915b1953d9e4e91f7e6b0581af85d14aa900880b6096af0f5"

[[metadata.targets]]
requires_python = "==3.13.*"

[[package]]
name = "autoflake"
version = "2.3.1"
requires_python = ">=3.8"
summary = "Removes unused imports and unused variables"
groups = ["dev"]
dependencies = [
    "pyflakes>=3.0.0",
    "tomli>=2.0.1; python_version < \"3.11\"",
]
files = [
    {file = "autoflake-2.3.1-py3-none-any.whl", hash = "sha256:3ae7495db9084b7b32818b4140e6dc4fc280b712fb414f5b8fe57b0a8e85a840"},
    {file = "autoflake-2.3.1.tar.gz", hash = "sha256:c98b75dc5b0a86459c4f01a1d32ac7eb4338ec4317a4469515ff1e687ecd909e"},
]

[[package]]
name = "black"
version = "26.1.0"
requires_python = ">=3.10"
summary = "The uncompromising code formatter."
groups = ["dev"]
dependencies = [
    "click>=8.0.0",
    "mypy-extensions>=0.4.3",
    "packaging>=22.0",
    "pathspec>=1.0.0",
    "platformdirs>=2",
    "pytokens>=0.3.0",
    "tomli>=1.1.0; python_version < \"3.11\"",
    "typing-extensions>=4.0.1; python_version < \"3.11\"",
]
files = [
    {file = "black-26.1.0-cp313-cp313-macosx_10_13_x86_64.whl", hash = "sha256:ba1d768fbfb6930fc93b0ecc32a43d8861ded16f47a40f14afa9bb04ab93d304"},
    {file = "black-26.1.0-cp313-cp313-macosx_11_0_arm64.whl", hash = "sha256:2b807c240b64609cb0e80d2200a35b23c7df82259f80bef1b2c96eb422b4aac9"},
    {file = "black-26.1.0-cp313-cp313-manylinux2014_x86_64.manylinux_2_17_x86_64.manylinux_2_28_x86_64.whl", hash = "sha256:1de0f7d01cc894066a1153b738145b194414cc6eeaad8ef4397ac9abacf40f6b"},
    {file = "black-26.1.0-cp313-cp313-win_amd64.whl", hash = "sha256:91a68ae46bf07868963671e4d05611b179c2313301bd756a89ad4e3b3db2325b"},
    {file = "black-26.1.0-cp313-cp313-win_arm64.whl", hash = "sha256:be5e2fe860b9bd9edbf676d5b60a9282994c03fbbd40fe8f5e75d194f96064ca"},
    {file = "black-26.1.0-py3-none-any.whl", hash = "sha256:1054e8e47ebd686e078c0bb0eaf31e6ce69c966058d122f2c0c950311f9f3ede"},
    {file = "black-26.1.0.tar.gz", hash = "sha256:d294ac3340eef9c9eb5d29288e96dc719ff269a88e27b396340459dd85da4c58"},
]

[[package]]
name = "cfgv"
version = "3.5.0"
requires_python = ">=3.10"
summary = "Validate configuration and produce human readable error messages."
groups = ["default"]
files = [
    {file = "cfgv-3.5.0-py2.py3-none-any.whl", hash = "sha256:a8dc6b26ad22ff227d2634a65cb388215ce6cc96bbcc5cfde7641ae87e8dacc0"},
    {file = "cfgv-3.5.0.tar.gz", hash = "sha256:d5b1034354820651caa73ede66a6294d6e95c1b00acc5e9b098e917404669132"},
]

[[package]]
name = "click"
version = "8.3.1"
requires_python = ">=3.10"
summary = "Composable command line interface toolkit"
groups = ["dev"]
dependencies = [
    "colorama; platform_system == \"Windows\"",
]
files = [
    {file = "click-8.3.1-py3-none-any.whl", hash = "sha256:981153a64e25f12d547d3426c367a4857371575ee7ad18df2a6183ab0545b2a6"},
    {file = "click-8.3.1.tar.gz", hash = "sha256:12ff4785d337a1bb490bb7e9c2b1ee5da3112e94a8622f26a6c77f5d2fc6842a"},
]

[[package]]
name = "colorama"
version = "0.4.6"
requires_python = "!=3.0.*,!=3.1.*,!=3.2.*,!=3.3.*,!=3.4.*,!=3.5.*,!=3.6.*,>=2.7"
summary = "Cross-platform colored terminal text."
groups = ["dev"]
marker = "platform_system == \"Windows\""
files = [
    {file = "colorama-0.4.6-py2.py3-none-any.whl", hash = "sha256:4f1d9991f5acc0ca119f9d443620b77f9d6b33703e51011c16baf57afb285fc6"},
    {file = "colorama-0.4.6.tar.gz", hash = "sha256:08695f5cb7ed6e0531a20572697297273c47b8cae5a63ffc6d6ed5c201be6e44"},
]

[[package]]
name = "distlib"
version = "0.4.0"
summary = "Distribution utilities"
groups = ["default"]
files = [
    {file = "distlib-0.4.0-py2.py3-none-any.whl", hash = "sha256:9659f7d87e46584a30b5780e43ac7a2143098441670ff0a49d5f9034c54a6c16"},
    {file = "distlib-0.4.0.tar.gz", hash = "sha256:feec40075be03a04501a973d81f633735b4b69f98b05450592310c0f401a4e0d"},
]

[[package]]
name = "filelock"
version = "3.20.1"
requires_python = ">=3.10"
summary = "A platform independent file lock."
groups = ["default"]
files = [
    {file = "filelock-3.20.1-py3-none-any.whl", hash = "sha256:15d9e9a67306188a44baa72f569d2bfd803076269365fdea0934385da4dc361a"},
    {file = "filelock-3.20.1.tar.gz", hash = "sha256:b8360948b351b80f420878d8516519a2204b07aefcdcfd24912a5d33127f188c"},
]

[[package]]
name = "identify"
version = "2.6.15"
requires_python = ">=3.9"
summary = "File identification library for Python"
groups = ["default"]
files = [
    {file = "identify-2.6.15-py2.py3-none-any.whl", hash = "sha256:1181ef7608e00704db228516541eb83a88a9f94433a8c80bb9b5bd54b1d81757"},
    {file = "identify-2.6.15.tar.gz", hash = "sha256:e4f4864b96c6557ef2a1e1c951771838f4edc9df3a72ec7118b338801b11c7bf"},
]

[[package]]
name = "isort"
version = "7.0.0"
requires_python = ">=3.10.0"
summary = "A Python utility / library to sort Python imports."
groups = ["dev"]
files = [
    {file = "isort-7.0.0-py3-none-any.whl", hash = "sha256:1bcabac8bc3c36c7fb7b98a76c8abb18e0f841a3ba81decac7691008592499c1"},
    {file = "isort-7.0.0.tar.gz", hash = "sha256:5513527951aadb3ac4292a41a16cbc50dd1642432f5e8c20057d414bdafb4187"},
]

[[package]]
name = "librt"
version = "0.8.0"
requires_python = ">=3.9"
summary = "Mypyc runtime library"
groups = ["dev"]
marker = "platform_python_implementation != \"PyPy\""
files = [
    {file = "librt-0.8.0-cp313-cp313-macosx_10_13_x86_64.whl", hash = "sha256:7f820210e21e3a8bf8fde2ae3c3d10106d4de9ead28cbfdf6d0f0f41f5b12fa1"},
    {file = "librt-0.8.0-cp313-cp313-macosx_11_0_arm64.whl", hash = "sha256:4831c44b8919e75ca0dfb52052897c1ef59fdae19d3589893fbd068f1e41afbf"},
    {file = "librt-0.8.0-cp313-cp313-manylinux1_i686.manylinux_2_28_i686.manylinux_2_5_i686.whl", hash = "sha256:88c6e75540f1f10f5e0fc5e87b4b6c290f0e90d1db8c6734f670840494764af8"},
    {file = "librt-0.8.0-cp313-cp313-manylinux2014_aarch64.manylinux_2_17_aarch64.manylinux_2_28_aarch64.whl", hash = "sha256:9646178cd794704d722306c2c920c221abbf080fede3ba539d5afdec16c46dad"},
    {file = "librt-0.8.0-cp313-cp313-manylinux2014_x86_64.manylinux_2_17_x86_64.manylinux_2_28_x86_64.whl", hash = "sha256:6e1af31a710e17891d9adf0dbd9a5fcd94901a3922a96499abdbf7ce658f4e01"},
    {file = "librt-0.8.0-cp313-cp313-manylinux_2_31_riscv64.manylinux_2_39_riscv64.whl", hash = "sha256:507e94f4bec00b2f590fbe55f48cd518a208e2474a3b90a60aa8f29136ddbada"},
    {file = "librt-0.8.0-cp313-cp313-musllinux_1_2_aarch64.whl", hash = "sha256:f1178e0de0c271231a660fbef9be6acdfa1d596803464706862bef6644cc1cae"},
    {file = "librt-0.8.0-cp313-cp313-musllinux_1_2_i686.whl", hash = "sha256:71fc517efc14f75c2f74b1f0a5d5eb4a8e06aa135c34d18eaf3522f4a53cd62d"},
    {file = "librt-0.8.0-cp313-cp313-musllinux_1_2_riscv64.whl", hash = "sha256:0583aef7e9a720dd40f26a2ad5a1bf2ccbb90059dac2b32ac516df232c701db3"},
    {file = "librt-0.8.0-cp313-cp313-musllinux_1_2_x86_64.whl", hash = "sha256:5d0f76fc73480d42285c609c0ea74d79856c160fa828ff9aceab574ea4ecfd7b"},
    {file = "librt-0.8.0-cp313-cp313-win32.whl", hash = "sha256:e79dbc8f57de360f0ed987dc7de7be814b4803ef0e8fc6d3ff86e16798c99935"},
    {file = "librt-0.8.0-cp313-cp313-win_amd64.whl", hash = "sha256:25b3e667cbfc9000c4740b282df599ebd91dbdcc1aa6785050e4c1d6be5329ab"},
    {file = "librt-0.8.0-cp313-cp313-win_arm64.whl", hash = "sha256:e9a3a38eb4134ad33122a6d575e6324831f930a771d951a15ce232e0237412c2"},
    {file = "librt-0.8.0.tar.gz", hash = "sha256:cb74cdcbc0103fc988e04e5c58b0b31e8e5dd2babb9182b6f9490488eb36324b"},
]

[[package]]
name = "markdown-it-py"
version = "4.0.0"
requires_python = ">=3.10"
summary = "Python port of markdown-it. Markdown parsing, done right!"
groups = ["default", "dev"]
dependencies = [
    "mdurl~=0.1",
]
files = [
    {file = "markdown_it_py-4.0.0-py3-none-any.whl", hash = "sha256:87327c59b172c5011896038353a81343b6754500a08cd7a4973bb48c6d578147"},
    {file = "markdown_it_py-4.0.0.tar.gz", hash = "sha256:cb0a2b4aa34f932c007117b194e945bd74e0ec24133ceb5bac59009cda1cb9f3"},
]

[[package]]
name = "mdformat"
version = "1.0.0"
requires_python = ">=3.10"
summary = "CommonMark compliant Markdown formatter"
groups = ["default", "dev"]
dependencies = [
    "markdown-it-py<5,>=1",
    "tomli>=1.1.0; python_version < \"3.11\"",
]
files = [
    {file = "mdformat-1.0.0-py3-none-any.whl", hash = "sha256:bca015d65a1d063a02e885a91daee303057bc7829c2cd37b2075a50dbb65944b"},
    {file = "mdformat-1.0.0.tar.gz", hash = "sha256:4954045fcae797c29f86d4ad879e43bb151fa55dbaf74ac6eaeacf1d45bb3928"},
]

[[package]]
name = "mdformat-footnote"
version = "0.1.3"
requires_python = ">=3.10"
summary = "An mdformat plugin for parsing/validating footnotes"
groups = ["default"]
dependencies = [
    "mdformat>=0.7.0",
    "mdit-py-plugins>=0.4.0",
]
files = [
    {file = "mdformat_footnote-0.1.3-py3-none-any.whl", hash = "sha256:3033184237cbaf2a71cc02a4c37f043a97c1f16d3ed6939bc104964e77aad0b3"},
    {file = "mdformat_footnote-0.1.3.tar.gz", hash = "sha256:70617e61af87f59d7dea93a392c5093089a6d4551126fa18025c6fddb18bf742"},
]

[[package]]
name = "mdformat-gfm"
version = "1.0.0"
requires_python = ">=3.10"
summary = "Mdformat plugin for GitHub Flavored Markdown compatibility"
groups = ["dev"]
dependencies = [
    "markdown-it-py",
    "mdformat>=0.7.5",
    "mdit-py-plugins>=0.2.0",
    "wcwidth>=0.2.13",
]
files = [
    {file = "mdformat_gfm-1.0.0-py3-none-any.whl", hash = "sha256:7305a50efd2a140d7c83505b58e3ac5df2b09e293f9bbe72f6c7bee8c678b005"},
    {file = "mdformat_gfm-1.0.0.tar.gz", hash = "sha256:d1d49a409a6acb774ce7635c72d69178df7dce1dc8cdd10e19f78e8e57b72623"},
]

[[package]]
name = "mdit-py-plugins"
version = "0.5.0"
requires_python = ">=3.10"
summary = "Collection of plugins for markdown-it-py"
groups = ["default", "dev"]
dependencies = [
    "markdown-it-py<5.0.0,>=2.0.0",
]
files = [
    {file = "mdit_py_plugins-0.5.0-py3-none-any.whl", hash = "sha256:07a08422fc1936a5d26d146759e9155ea466e842f5ab2f7d2266dd084c8dab1f"},
    {file = "mdit_py_plugins-0.5.0.tar.gz", hash = "sha256:f4918cb50119f50446560513a8e311d574ff6aaed72606ddae6d35716fe809c6"},
]

[[package]]
name = "mdurl"
version = "0.1.2"
requires_python = ">=3.7"
summary = "Markdown URL utilities"
groups = ["default", "dev"]
files = [
    {file = "mdurl-0.1.2-py3-none-any.whl", hash = "sha256:84008a41e51615a49fc9966191ff91509e3c40b939176e643fd50a5c2196b8f8"},
    {file = "mdurl-0.1.2.tar.gz", hash = "sha256:bb413d29f5eea38f31dd4754dd7377d4465116fb207585f97bf925588687c1ba"},
]

[[package]]
name = "mypy"
version = "1.19.1"
requires_python = ">=3.9"
summary = "Optional static typing for Python"
groups = ["dev"]
dependencies = [
    "librt>=0.6.2; platform_python_implementation != \"PyPy\"",
    "mypy-extensions>=1.0.0",
    "pathspec>=0.9.0",
    "tomli>=1.1.0; python_version < \"3.11\"",
    "typing-extensions>=4.6.0",
]
files = [
    {file = "mypy-1.19.1-cp313-cp313-macosx_10_13_x86_64.whl", hash = "sha256:e3157c7594ff2ef1634ee058aafc56a82db665c9438fd41b390f3bde1ab12250"},
    {file = "mypy-1.19.1-cp313-cp313-macosx_11_0_arm64.whl", hash = "sha256:bdb12f69bcc02700c2b47e070238f42cb87f18c0bc1fc4cdb4fb2bc5fd7a3b8b"},
    {file = "mypy-1.19.1-cp313-cp313-manylinux2014_aarch64.manylinux_2_17_aarch64.manylinux_2_28_aarch64.whl", hash = "sha256:f859fb09d9583a985be9a493d5cfc5515b56b08f7447759a0c5deaf68d80506e"},
    {file = "mypy-1.19.1-cp313-cp313-manylinux2014_x86_64.manylinux_2_17_x86_64.manylinux_2_28_x86_64.whl", hash = "sha256:c9a6538e0415310aad77cb94004ca6482330fece18036b5f360b62c45814c4ef"},
    {file = "mypy-1.19.1-cp313-cp313-musllinux_1_2_x86_64.whl", hash = "sha256:da4869fc5e7f62a88f3fe0b5c919d1d9f7ea3cef92d3689de2823fd27e40aa75"},
    {file = "mypy-1.19.1-cp313-cp313-win_amd64.whl", hash = "sha256:016f2246209095e8eda7538944daa1d60e1e8134d98983b9fc1e92c1fc0cb8dd"},
    {file = "mypy-1.19.1-py3-none-any.whl", hash = "sha256:f1235f5ea01b7db5468d53ece6aaddf1ad0b88d9e7462b86ef96fe04995d7247"},
    {file = "mypy-1.19.1.tar.gz", hash = "sha256:19d88bb05303fe63f71dd2c6270daca27cb9401c4ca8255fe50d1d920e0eb9ba"},
]

[[package]]
name = "mypy-extensions"
version = "1.1.0"
requires_python = ">=3.8"
summary = "Type system extensions for programs checked with the mypy type checker."
groups = ["dev"]
files = [
    {file = "mypy_extensions-1.1.0-py3-none-any.whl", hash = "sha256:1be4cccdb0f2482337c4743e60421de3a356cd97508abadd57d47403e94f5505"},
    {file = "mypy_extensions-1.1.0.tar.gz", hash = "sha256:52e68efc3284861e772bbcd66823fde5ae21fd2fdb51c62a211403730b916558"},
]

[[package]]
name = "nodeenv"
version = "1.10.0"
requires_python = "!=3.0.*,!=3.1.*,!=3.2.*,!=3.3.*,!=3.4.*,!=3.5.*,!=3.6.*,>=2.7"
summary = "Node.js virtual environment builder"
groups = ["default"]
files = [
    {file = "nodeenv-1.10.0-py2.py3-none-any.whl", hash = "sha256:5bb13e3eed2923615535339b3c620e76779af4cb4c6a90deccc9e36b274d3827"},
    {file = "nodeenv-1.10.0.tar.gz", hash = "sha256:996c191ad80897d076bdfba80a41994c2b47c68e224c542b48feba42ba00f8bb"},
]

[[package]]
name = "packaging"
version = "26.0"
requires_python = ">=3.8"
summary = "Core utilities for Python packages"
groups = ["dev"]
files = [
    {file = "packaging-26.0-py3-none-any.whl", hash = "sha256:b36f1fef9334a5588b4166f8bcd26a14e521f2b55e6b9de3aaa80d3ff7a37529"},
    {file = "packaging-26.0.tar.gz", hash = "sha256:00243ae351a257117b6a241061796684b084ed1c516a08c48a3f7e147a9d80b4"},
]

[[package]]
name = "pathspec"
version = "1.0.4"
requires_python = ">=3.9"
summary = "Utility library for gitignore style pattern matching of file paths."
groups = ["dev"]
files = [
    {file = "pathspec-1.0.4-py3-none-any.whl", hash = "sha256:fb6ae2fd4e7c921a165808a552060e722767cfa526f99ca5156ed2ce45a5c723"},
    {file = "pathspec-1.0.4.tar.gz", hash = "sha256:0210e2ae8a21a9137c0d470578cb0e595af87edaa6ebf12ff176f14a02e0e645"},
]

[[package]]
name = "platformdirs"
version = "4.5.1"
requires_python = ">=3.10"
summary = "A small Python package for determining appropriate platform-specific dirs, e.g. a `user data dir`."
groups = ["default", "dev"]
files = [
    {file = "platformdirs-4.5.1-py3-none-any.whl", hash = "sha256:d03afa3963c806a9bed9d5125c8f4cb2fdaf74a55ab60e5d59b3fde758104d31"},
    {file = "platformdirs-4.5.1.tar.gz", hash = "sha256:61d5cdcc6065745cdd94f0f878977f8de9437be93de97c1c12f853c9c0cdcbda"},
]

[[package]]
name = "pre-commit"
version = "4.5.1"
requires_python = ">=3.10"
summary = "A framework for managing and maintaining multi-language pre-commit hooks."
groups = ["default"]
dependencies = [
    "cfgv>=2.0.0",
    "identify>=1.0.0",
    "nodeenv>=0.11.1",
    "pyyaml>=5.1",
    "virtualenv>=20.10.0",
]
files = [
    {file = "pre_commit-4.5.1-py2.py3-none-any.whl", hash = "sha256:3b3afd891e97337708c1674210f8eba659b52a38ea5f822ff142d10786221f77"},
    {file = "pre_commit-4.5.1.tar.gz", hash = "sha256:eb545fcff725875197837263e977ea257a402056661f09dae08e4b149b030a61"},
]

[[package]]
name = "pyflakes"
version = "3.4.0"
requires_python = ">=3.9"
summary = "passive checker of Python programs"
groups = ["dev"]
files = [
    {file = "pyflakes-3.4.0-py2.py3-none-any.whl", hash = "sha256:f742a7dbd0d9cb9ea41e9a24a918996e8170c799fa528688d40dd582c8265f4f"},
    {file = "pyflakes-3.4.0.tar.gz", hash = "sha256:b24f96fafb7d2ab0ec5075b7350b3d2d2218eab42003821c06344973d3ea2f58"},
]

[[package]]
name = "pytokens"
version = "0.4.1"
requires_python = ">=3.8"
summary = "A Fast, spec compliant Python 3.14+ tokenizer that runs on older Pythons."
groups = ["dev"]
files = [
    {file = "pytokens-0.4.1-cp313-cp313-macosx_11_0_arm64.whl", hash = "sha256:8bdb9d0ce90cbf99c525e75a2fa415144fd570a1ba987380190e8b786bc6ef9b"},
    {file = "pytokens-0.4.1-cp313-cp313-manylinux2014_aarch64.manylinux_2_17_aarch64.manylinux_2_28_aarch64.whl", hash = "sha256:5502408cab1cb18e128570f8d598981c68a50d0cbd7c61312a90507cd3a1276f"},
    {file = "pytokens-0.4.1-cp313-cp313-manylinux2014_x86_64.manylinux_2_17_x86_64.manylinux_2_28_x86_64.whl", hash = "sha256:29d1d8fb1030af4d231789959f21821ab6325e463f0503a61d204343c9b355d1"},
    {file = "pytokens-0.4.1-cp313-cp313-musllinux_1_2_x86_64.whl", hash = "sha256:970b08dd6b86058b6dc07efe9e98414f5102974716232d10f32ff39701e841c4"},
    {file = "pytokens-0.4.1-cp313-cp313-win_amd64.whl", hash = "sha256:9bd7d7f544d362576be74f9d5901a22f317efc20046efe2034dced238cbbfe78"},
    {file = "pytokens-0.4.1-py3-none-any.whl", hash = "sha256:26cef14744a8385f35d0e095dc8b3a7583f6c953c2e3d269c7f82484bf5ad2de"},
    {file = "pytokens-0.4.1.tar.gz", hash = "sha256:292052fe80923aae2260c073f822ceba21f3872ced9a68bb7953b348e561179a"},
]

[[package]]
name = "pyyaml"
version = "6.0.3"
requires_python = ">=3.8"
summary = "YAML parser and emitter for Python"
groups = ["default"]
files = [
    {file = "pyyaml-6.0.3-cp313-cp313-macosx_10_13_x86_64.whl", hash = "sha256:8da9669d359f02c0b91ccc01cac4a67f16afec0dac22c2ad09f46bee0697eba8"},
    {file = "pyyaml-6.0.3-cp313-cp313-macosx_11_0_arm64.whl", hash = "sha256:2283a07e2c21a2aa78d9c4442724ec1eb15f5e42a723b99cb3d822d48f5f7ad1"},
    {file = "pyyaml-6.0.3-cp313-cp313-manylinux2014_aarch64.manylinux_2_17_aarch64.manylinux_2_28_aarch64.whl", hash = "sha256:ee2922902c45ae8ccada2c5b501ab86c36525b883eff4255313a253a3160861c"},
    {file = "pyyaml-6.0.3-cp313-cp313-manylinux2014_s390x.manylinux_2_17_s390x.manylinux_2_28_s390x.whl", hash = "sha256:a33284e20b78bd4a18c8c2282d549d10bc8408a2a7ff57653c0cf0b9be0afce5"},
    {file = "pyyaml-6.0.3-cp313-cp313-manylinux2014_x86_64.manylinux_2_17_x86_64.manylinux_2_28_x86_64.whl", hash = "sha256:0f29edc409a6392443abf94b9cf89ce99889a1dd5376d94316ae5145dfedd5d6"},
    {file = "pyyaml-6.0.3-cp313-cp313-musllinux_1_2_aarch64.whl", hash = "sha256:f7057c9a337546edc7973c0d3ba84ddcdf0daa14533c2065749c9075001090e6"},
    {file = "pyyaml-6.0.3-cp313-cp313-musllinux_1_2_x86_64.whl", hash = "sha256:eda16858a3cab07b80edaf74336ece1f986ba330fdb8ee0d6c0d68fe82bc96be"},
    {file = "pyyaml-6.0.3-cp313-cp313-win32.whl", hash = "sha256:d0eae10f8159e8fdad514efdc92d74fd8d682c933a6dd088030f3834bc8e6b26"},
    {file = "pyyaml-6.0.3-cp313-cp313-win_amd64.whl", hash = "sha256:79005a0d97d5ddabfeeea4cf676af11e647e41d81c9a7722a193022accdb6b7c"},
    {file = "pyyaml-6.0.3-cp313-cp313-win_arm64.whl", hash = "sha256:5498cd1645aa724a7c71c8f378eb29ebe23da2fc0d7a08071d89469bf1d2defb"},
    {file = "pyyaml-6.0.3.tar.gz", hash = "sha256:d76623373421df22fb4cf8817020cbb7ef15c725b9d5e45f17e189bfc384190f"},
]

[[package]]
name = "typing-extensions"
version = "4.15.0"
requires_python = ">=3.9"
summary = "Backported and Experimental Type Hints for Python 3.9+"
groups = ["dev"]
files = [
    {file = "typing_extensions-4.15.0-py3-none-any.whl", hash = "sha256:f0fa19c6845758ab08074a0cfa8b7aecb71c999ca73d62883bc25cc018c4e548"},
    {file = "typing_extensions-4.15.0.tar.gz", hash = "sha256:0cea48d173cc12fa28ecabc3b837ea3cf6f38c6d1136f85cbaaf598984861466"},
]

[[package]]
name = "virtualenv"
version = "20.35.4"
requires_python = ">=3.8"
summary = "Virtual Python Environment builder"
groups = ["default"]
dependencies = [
    "distlib<1,>=0.3.7",
    "filelock<4,>=3.12.2",
    "importlib-metadata>=6.6; python_version < \"3.8\"",
    "platformdirs<5,>=3.9.1",
    "typing-extensions>=4.13.2; python_version < \"3.11\"",
]
files = [
    {file = "virtualenv-20.35.4-py3-none-any.whl", hash = "sha256:c21c9cede36c9753eeade68ba7d523529f228a403463376cf821eaae2b650f1b"},
    {file = "virtualenv-20.35.4.tar.gz", hash = "sha256:643d3914d73d3eeb0c552cbb12d7e82adf0e504dbf86a3182f8771a153a1971c"},
]

[[package]]
name = "wcwidth"
version = "0.6.0"
requires_python = ">=3.8"
summary = "Measures the displayed width of unicode strings in a terminal"
groups = ["dev"]
files = [
    {file = "wcwidth-0.6.0-py3-none-any.whl", hash = "sha256:1a3a1e510b553315f8e146c54764f4fb6264ffad731b3d78088cdb1478ffbdad"},
    {file = "wcwidth-0.6.0.tar.gz", hash = "sha256:cdc4e4262d6ef9a1a57e018384cbeb1208d8abbc64176027e2c2455c81313159"},
]
